// !$*UTF8*$!
{
	archiveVersion = 1;
	classes = {
	};
	objectVersion = 77;
	objects = {

/* Begin PBXContainerItemProxy section */
		BC064B202CD2D71E0082B7D9 /* PBXContainerItemProxy */ = {
			isa = PBXContainerItemProxy;
			containerPortal = BC064B022CD2D7190082B7D9 /* Project object */;
			proxyType = 1;
			remoteGlobalIDString = BC064B092CD2D7190082B7D9;
			remoteInfo = Groovify;
		};
		BC064B2A2CD2D71E0082B7D9 /* PBXContainerItemProxy */ = {
			isa = PBXContainerItemProxy;
			containerPortal = BC064B022CD2D7190082B7D9 /* Project object */;
			proxyType = 1;
			remoteGlobalIDString = BC064B092CD2D7190082B7D9;
			remoteInfo = Groovify;
		};
/* End PBXContainerItemProxy section */

/* Begin PBXFileReference section */
		BC064B0A2CD2D7190082B7D9 /* Groovify.app */ = {isa = PBXFileReference; explicitFileType = wrapper.application; includeInIndex = 0; path = Groovify.app; sourceTree = BUILT_PRODUCTS_DIR; };
		BC064B1F2CD2D71E0082B7D9 /* GroovifyTests.xctest */ = {isa = PBXFileReference; explicitFileType = wrapper.cfbundle; includeInIndex = 0; path = GroovifyTests.xctest; sourceTree = BUILT_PRODUCTS_DIR; };
		BC064B292CD2D71E0082B7D9 /* GroovifyUITests.xctest */ = {isa = PBXFileReference; explicitFileType = wrapper.cfbundle; includeInIndex = 0; path = GroovifyUITests.xctest; sourceTree = BUILT_PRODUCTS_DIR; };
/* End PBXFileReference section */

/* Begin PBXFileSystemSynchronizedRootGroup section */
		BC064B0C2CD2D7190082B7D9 /* Groovify */ = {
			isa = PBXFileSystemSynchronizedRootGroup;
			path = Groovify;
			sourceTree = "<group>";
		};
		BC064B222CD2D71E0082B7D9 /* GroovifyTests */ = {
			isa = PBXFileSystemSynchronizedRootGroup;
			path = GroovifyTests;
			sourceTree = "<group>";
		};
		BC064B2C2CD2D71E0082B7D9 /* GroovifyUITests */ = {
			isa = PBXFileSystemSynchronizedRootGroup;
			path = GroovifyUITests;
			sourceTree = "<group>";
		};
/* End PBXFileSystemSynchronizedRootGroup section */

/* Begin PBXFrameworksBuildPhase section */
		BC064B072CD2D7190082B7D9 /* Frameworks */ = {
			isa = PBXFrameworksBuildPhase;
			buildActionMask = 2147483647;
			files = (
			);
			runOnlyForDeploymentPostprocessing = 0;
		};
		BC064B1C2CD2D71E0082B7D9 /* Frameworks */ = {
			isa = PBXFrameworksBuildPhase;
			buildActionMask = 2147483647;
			files = (
			);
			runOnlyForDeploymentPostprocessing = 0;
		};
		BC064B262CD2D71E0082B7D9 /* Frameworks */ = {
			isa = PBXFrameworksBuildPhase;
			buildActionMask = 2147483647;
			files = (
			);
			runOnlyForDeploymentPostprocessing = 0;
		};
/* End PBXFrameworksBuildPhase section */

/* Begin PBXGroup section */
		BC064B012CD2D7190082B7D9 = {
			isa = PBXGroup;
			children = (
				BC064B0C2CD2D7190082B7D9 /* Groovify */,
				BC064B222CD2D71E0082B7D9 /* GroovifyTests */,
				BC064B2C2CD2D71E0082B7D9 /* GroovifyUITests */,
				BC064B0B2CD2D7190082B7D9 /* Products */,
			);
			sourceTree = "<group>";
		};
		BC064B0B2CD2D7190082B7D9 /* Products */ = {
			isa = PBXGroup;
			children = (
				BC064B0A2CD2D7190082B7D9 /* Groovify.app */,
				BC064B1F2CD2D71E0082B7D9 /* GroovifyTests.xctest */,
				BC064B292CD2D71E0082B7D9 /* GroovifyUITests.xctest */,
			);
			name = Products;
			sourceTree = "<group>";
		};
/* End PBXGroup section */

/* Begin PBXNativeTarget section */
		BC064B092CD2D7190082B7D9 /* Groovify */ = {
			isa = PBXNativeTarget;
			buildConfigurationList = BC064B332CD2D71E0082B7D9 /* Build configuration list for PBXNativeTarget "Groovify" */;
			buildPhases = (
				BC064B062CD2D7190082B7D9 /* Sources */,
				BC064B072CD2D7190082B7D9 /* Frameworks */,
				BC064B082CD2D7190082B7D9 /* Resources */,
			);
			buildRules = (
			);
			dependencies = (
			);
			fileSystemSynchronizedGroups = (
				BC064B0C2CD2D7190082B7D9 /* Groovify */,
			);
			name = Groovify;
			packageProductDependencies = (
			);
			productName = Groovify;
			productReference = BC064B0A2CD2D7190082B7D9 /* Groovify.app */;
			productType = "com.apple.product-type.application";
		};
		BC064B1E2CD2D71E0082B7D9 /* GroovifyTests */ = {
			isa = PBXNativeTarget;
			buildConfigurationList = BC064B362CD2D71E0082B7D9 /* Build configuration list for PBXNativeTarget "GroovifyTests" */;
			buildPhases = (
				BC064B1B2CD2D71E0082B7D9 /* Sources */,
				BC064B1C2CD2D71E0082B7D9 /* Frameworks */,
				BC064B1D2CD2D71E0082B7D9 /* Resources */,
			);
			buildRules = (
			);
			dependencies = (
				BC064B212CD2D71E0082B7D9 /* PBXTargetDependency */,
			);
			fileSystemSynchronizedGroups = (
				BC064B222CD2D71E0082B7D9 /* GroovifyTests */,
			);
			name = GroovifyTests;
			packageProductDependencies = (
			);
			productName = GroovifyTests;
			productReference = BC064B1F2CD2D71E0082B7D9 /* GroovifyTests.xctest */;
			productType = "com.apple.product-type.bundle.unit-test";
		};
		BC064B282CD2D71E0082B7D9 /* GroovifyUITests */ = {
			isa = PBXNativeTarget;
			buildConfigurationList = BC064B392CD2D71E0082B7D9 /* Build configuration list for PBXNativeTarget "GroovifyUITests" */;
			buildPhases = (
				BC064B252CD2D71E0082B7D9 /* Sources */,
				BC064B262CD2D71E0082B7D9 /* Frameworks */,
				BC064B272CD2D71E0082B7D9 /* Resources */,
			);
			buildRules = (
			);
			dependencies = (
				BC064B2B2CD2D71E0082B7D9 /* PBXTargetDependency */,
			);
			fileSystemSynchronizedGroups = (
				BC064B2C2CD2D71E0082B7D9 /* GroovifyUITests */,
			);
			name = GroovifyUITests;
			packageProductDependencies = (
			);
			productName = GroovifyUITests;
			productReference = BC064B292CD2D71E0082B7D9 /* GroovifyUITests.xctest */;
			productType = "com.apple.product-type.bundle.ui-testing";
		};
/* End PBXNativeTarget section */

/* Begin PBXProject section */
		BC064B022CD2D7190082B7D9 /* Project object */ = {
			isa = PBXProject;
			attributes = {
				BuildIndependentTargetsInParallel = 1;
				LastSwiftUpdateCheck = 1610;
				LastUpgradeCheck = 1610;
				TargetAttributes = {
					BC064B092CD2D7190082B7D9 = {
						CreatedOnToolsVersion = 16.1;
					};
					BC064B1E2CD2D71E0082B7D9 = {
						CreatedOnToolsVersion = 16.1;
						TestTargetID = BC064B092CD2D7190082B7D9;
					};
					BC064B282CD2D71E0082B7D9 = {
						CreatedOnToolsVersion = 16.1;
						TestTargetID = BC064B092CD2D7190082B7D9;
					};
				};
			};
			buildConfigurationList = BC064B052CD2D7190082B7D9 /* Build configuration list for PBXProject "Groovify" */;
			developmentRegion = en;
			hasScannedForEncodings = 0;
			knownRegions = (
				en,
				Base,
			);
			mainGroup = BC064B012CD2D7190082B7D9;
			minimizedProjectReferenceProxies = 1;
			preferredProjectObjectVersion = 77;
			productRefGroup = BC064B0B2CD2D7190082B7D9 /* Products */;
			projectDirPath = "";
			projectRoot = "";
			targets = (
				BC064B092CD2D7190082B7D9 /* Groovify */,
				BC064B1E2CD2D71E0082B7D9 /* GroovifyTests */,
				BC064B282CD2D71E0082B7D9 /* GroovifyUITests */,
			);
		};
/* End PBXProject section */

/* Begin PBXResourcesBuildPhase section */
		BC064B082CD2D7190082B7D9 /* Resources */ = {
			isa = PBXResourcesBuildPhase;
			buildActionMask = 2147483647;
			files = (
			);
			runOnlyForDeploymentPostprocessing = 0;
		};
		BC064B1D2CD2D71E0082B7D9 /* Resources */ = {
			isa = PBXResourcesBuildPhase;
			buildActionMask = 2147483647;
			files = (
			);
			runOnlyForDeploymentPostprocessing = 0;
		};
		BC064B272CD2D71E0082B7D9 /* Resources */ = {
			isa = PBXResourcesBuildPhase;
			buildActionMask = 2147483647;
			files = (
			);
			runOnlyForDeploymentPostprocessing = 0;
		};
/* End PBXResourcesBuildPhase section */

/* Begin PBXSourcesBuildPhase section */
		BC064B062CD2D7190082B7D9 /* Sources */ = {
			isa = PBXSourcesBuildPhase;
			buildActionMask = 2147483647;
			files = (
			);
			runOnlyForDeploymentPostprocessing = 0;
		};
		BC064B1B2CD2D71E0082B7D9 /* Sources */ = {
			isa = PBXSourcesBuildPhase;
			buildActionMask = 2147483647;
			files = (
			);
			runOnlyForDeploymentPostprocessing = 0;
		};
		BC064B252CD2D71E0082B7D9 /* Sources */ = {
			isa = PBXSourcesBuildPhase;
			buildActionMask = 2147483647;
			files = (
			);
			runOnlyForDeploymentPostprocessing = 0;
		};
/* End PBXSourcesBuildPhase section */

/* Begin PBXTargetDependency section */
		BC064B212CD2D71E0082B7D9 /* PBXTargetDependency */ = {
			isa = PBXTargetDependency;
			target = BC064B092CD2D7190082B7D9 /* Groovify */;
			targetProxy = BC064B202CD2D71E0082B7D9 /* PBXContainerItemProxy */;
		};
		BC064B2B2CD2D71E0082B7D9 /* PBXTargetDependency */ = {
			isa = PBXTargetDependency;
			target = BC064B092CD2D7190082B7D9 /* Groovify */;
			targetProxy = BC064B2A2CD2D71E0082B7D9 /* PBXContainerItemProxy */;
		};
/* End PBXTargetDependency section */

/* Begin XCBuildConfiguration section */
		BC064B312CD2D71E0082B7D9 /* Debug */ = {
			isa = XCBuildConfiguration;
			buildSettings = {
				ALWAYS_SEARCH_USER_PATHS = NO;
				ASSETCATALOG_COMPILER_GENERATE_SWIFT_ASSET_SYMBOL_EXTENSIONS = YES;
				CLANG_ANALYZER_NONNULL = YES;
				CLANG_ANALYZER_NUMBER_OBJECT_CONVERSION = YES_AGGRESSIVE;
				CLANG_CXX_LANGUAGE_STANDARD = "gnu++20";
				CLANG_ENABLE_MODULES = YES;
				CLANG_ENABLE_OBJC_ARC = YES;
				CLANG_ENABLE_OBJC_WEAK = YES;
				CLANG_WARN_BLOCK_CAPTURE_AUTORELEASING = YES;
				CLANG_WARN_BOOL_CONVERSION = YES;
				CLANG_WARN_COMMA = YES;
				CLANG_WARN_CONSTANT_CONVERSION = YES;
				CLANG_WARN_DEPRECATED_OBJC_IMPLEMENTATIONS = YES;
				CLANG_WARN_DIRECT_OBJC_ISA_USAGE = YES_ERROR;
				CLANG_WARN_DOCUMENTATION_COMMENTS = YES;
				CLANG_WARN_EMPTY_BODY = YES;
				CLANG_WARN_ENUM_CONVERSION = YES;
				CLANG_WARN_INFINITE_RECURSION = YES;
				CLANG_WARN_INT_CONVERSION = YES;
				CLANG_WARN_NON_LITERAL_NULL_CONVERSION = YES;
				CLANG_WARN_OBJC_IMPLICIT_RETAIN_SELF = YES;
				CLANG_WARN_OBJC_LITERAL_CONVERSION = YES;
				CLANG_WARN_OBJC_ROOT_CLASS = YES_ERROR;
				CLANG_WARN_QUOTED_INCLUDE_IN_FRAMEWORK_HEADER = YES;
				CLANG_WARN_RANGE_LOOP_ANALYSIS = YES;
				CLANG_WARN_STRICT_PROTOTYPES = YES;
				CLANG_WARN_SUSPICIOUS_MOVE = YES;
				CLANG_WARN_UNGUARDED_AVAILABILITY = YES_AGGRESSIVE;
				CLANG_WARN_UNREACHABLE_CODE = YES;
				CLANG_WARN__DUPLICATE_METHOD_MATCH = YES;
				COPY_PHASE_STRIP = NO;
				DEBUG_INFORMATION_FORMAT = dwarf;
				ENABLE_STRICT_OBJC_MSGSEND = YES;
				ENABLE_TESTABILITY = YES;
				ENABLE_USER_SCRIPT_SANDBOXING = YES;
				GCC_C_LANGUAGE_STANDARD = gnu17;
				GCC_DYNAMIC_NO_PIC = NO;
				GCC_NO_COMMON_BLOCKS = YES;
				GCC_OPTIMIZATION_LEVEL = 0;
				GCC_PREPROCESSOR_DEFINITIONS = (
					"DEBUG=1",
					"$(inherited)",
				);
				GCC_WARN_64_TO_32_BIT_CONVERSION = YES;
				GCC_WARN_ABOUT_RETURN_TYPE = YES_ERROR;
				GCC_WARN_UNDECLARED_SELECTOR = YES;
				GCC_WARN_UNINITIALIZED_AUTOS = YES_AGGRESSIVE;
				GCC_WARN_UNUSED_FUNCTION = YES;
				GCC_WARN_UNUSED_VARIABLE = YES;
				IPHONEOS_DEPLOYMENT_TARGET = 18.1;
				LOCALIZATION_PREFERS_STRING_CATALOGS = YES;
				MTL_ENABLE_DEBUG_INFO = INCLUDE_SOURCE;
				MTL_FAST_MATH = YES;
				ONLY_ACTIVE_ARCH = YES;
				SDKROOT = iphoneos;
				SWIFT_ACTIVE_COMPILATION_CONDITIONS = "DEBUG $(inherited)";
				SWIFT_OPTIMIZATION_LEVEL = "-Onone";
			};
			name = Debug;
		};
		BC064B322CD2D71E0082B7D9 /* Release */ = {
			isa = XCBuildConfiguration;
			buildSettings = {
				ALWAYS_SEARCH_USER_PATHS = NO;
				ASSETCATALOG_COMPILER_GENERATE_SWIFT_ASSET_SYMBOL_EXTENSIONS = YES;
				CLANG_ANALYZER_NONNULL = YES;
				CLANG_ANALYZER_NUMBER_OBJECT_CONVERSION = YES_AGGRESSIVE;
				CLANG_CXX_LANGUAGE_STANDARD = "gnu++20";
				CLANG_ENABLE_MODULES = YES;
				CLANG_ENABLE_OBJC_ARC = YES;
				CLANG_ENABLE_OBJC_WEAK = YES;
				CLANG_WARN_BLOCK_CAPTURE_AUTORELEASING = YES;
				CLANG_WARN_BOOL_CONVERSION = YES;
				CLANG_WARN_COMMA = YES;
				CLANG_WARN_CONSTANT_CONVERSION = YES;
				CLANG_WARN_DEPRECATED_OBJC_IMPLEMENTATIONS = YES;
				CLANG_WARN_DIRECT_OBJC_ISA_USAGE = YES_ERROR;
				CLANG_WARN_DOCUMENTATION_COMMENTS = YES;
				CLANG_WARN_EMPTY_BODY = YES;
				CLANG_WARN_ENUM_CONVERSION = YES;
				CLANG_WARN_INFINITE_RECURSION = YES;
				CLANG_WARN_INT_CONVERSION = YES;
				CLANG_WARN_NON_LITERAL_NULL_CONVERSION = YES;
				CLANG_WARN_OBJC_IMPLICIT_RETAIN_SELF = YES;
				CLANG_WARN_OBJC_LITERAL_CONVERSION = YES;
				CLANG_WARN_OBJC_ROOT_CLASS = YES_ERROR;
				CLANG_WARN_QUOTED_INCLUDE_IN_FRAMEWORK_HEADER = YES;
				CLANG_WARN_RANGE_LOOP_ANALYSIS = YES;
				CLANG_WARN_STRICT_PROTOTYPES = YES;
				CLANG_WARN_SUSPICIOUS_MOVE = YES;
				CLANG_WARN_UNGUARDED_AVAILABILITY = YES_AGGRESSIVE;
				CLANG_WARN_UNREACHABLE_CODE = YES;
				CLANG_WARN__DUPLICATE_METHOD_MATCH = YES;
				COPY_PHASE_STRIP = NO;
				DEBUG_INFORMATION_FORMAT = "dwarf-with-dsym";
				ENABLE_NS_ASSERTIONS = NO;
				ENABLE_STRICT_OBJC_MSGSEND = YES;
				ENABLE_USER_SCRIPT_SANDBOXING = YES;
				GCC_C_LANGUAGE_STANDARD = gnu17;
				GCC_NO_COMMON_BLOCKS = YES;
				GCC_WARN_64_TO_32_BIT_CONVERSION = YES;
				GCC_WARN_ABOUT_RETURN_TYPE = YES_ERROR;
				GCC_WARN_UNDECLARED_SELECTOR = YES;
				GCC_WARN_UNINITIALIZED_AUTOS = YES_AGGRESSIVE;
				GCC_WARN_UNUSED_FUNCTION = YES;
				GCC_WARN_UNUSED_VARIABLE = YES;
				IPHONEOS_DEPLOYMENT_TARGET = 18.1;
				LOCALIZATION_PREFERS_STRING_CATALOGS = YES;
				MTL_ENABLE_DEBUG_INFO = NO;
				MTL_FAST_MATH = YES;
				SDKROOT = iphoneos;
				SWIFT_COMPILATION_MODE = wholemodule;
				VALIDATE_PRODUCT = YES;
			};
			name = Release;
		};
		BC064B342CD2D71E0082B7D9 /* Debug */ = {
			isa = XCBuildConfiguration;
			buildSettings = {
				ASSETCATALOG_COMPILER_APPICON_NAME = AppIcon;
				ASSETCATALOG_COMPILER_GLOBAL_ACCENT_COLOR_NAME = AccentColor;
				CODE_SIGN_STYLE = Automatic;
				CURRENT_PROJECT_VERSION = 1;
				DEVELOPMENT_ASSET_PATHS = "\"Groovify/Preview Content\"";
				DEVELOPMENT_TEAM = HB3XP4BKLJ;
				ENABLE_PREVIEWS = YES;
				GENERATE_INFOPLIST_FILE = YES;
				INFOPLIST_KEY_UIApplicationSceneManifest_Generation = YES;
				INFOPLIST_KEY_UIApplicationSupportsIndirectInputEvents = YES;
				INFOPLIST_KEY_UILaunchScreen_Generation = YES;
				INFOPLIST_KEY_UISupportedInterfaceOrientations_iPad = "UIInterfaceOrientationPortrait UIInterfaceOrientationPortraitUpsideDown UIInterfaceOrientationLandscapeLeft UIInterfaceOrientationLandscapeRight";
				INFOPLIST_KEY_UISupportedInterfaceOrientations_iPhone = "UIInterfaceOrientationPortrait UIInterfaceOrientationLandscapeLeft UIInterfaceOrientationLandscapeRight";
				LD_RUNPATH_SEARCH_PATHS = (
					"$(inherited)",
					"@executable_path/Frameworks",
				);
				MARKETING_VERSION = 1.0;
				PRODUCT_BUNDLE_IDENTIFIER = com.DavidRomero.Groovify;
				PRODUCT_NAME = "$(TARGET_NAME)";
				SWIFT_EMIT_LOC_STRINGS = YES;
				SWIFT_VERSION = 5.0;
				TARGETED_DEVICE_FAMILY = "1,2";
			};
			name = Debug;
		};
		BC064B352CD2D71E0082B7D9 /* Release */ = {
			isa = XCBuildConfiguration;
			buildSettings = {
				ASSETCATALOG_COMPILER_APPICON_NAME = AppIcon;
				ASSETCATALOG_COMPILER_GLOBAL_ACCENT_COLOR_NAME = AccentColor;
				CODE_SIGN_STYLE = Automatic;
				CURRENT_PROJECT_VERSION = 1;
				DEVELOPMENT_ASSET_PATHS = "\"Groovify/Preview Content\"";
				DEVELOPMENT_TEAM = HB3XP4BKLJ;
				ENABLE_PREVIEWS = YES;
				GENERATE_INFOPLIST_FILE = YES;
				INFOPLIST_KEY_UIApplicationSceneManifest_Generation = YES;
				INFOPLIST_KEY_UIApplicationSupportsIndirectInputEvents = YES;
				INFOPLIST_KEY_UILaunchScreen_Generation = YES;
				INFOPLIST_KEY_UISupportedInterfaceOrientations_iPad = "UIInterfaceOrientationPortrait UIInterfaceOrientationPortraitUpsideDown UIInterfaceOrientationLandscapeLeft UIInterfaceOrientationLandscapeRight";
				INFOPLIST_KEY_UISupportedInterfaceOrientations_iPhone = "UIInterfaceOrientationPortrait UIInterfaceOrientationLandscapeLeft UIInterfaceOrientationLandscapeRight";
				LD_RUNPATH_SEARCH_PATHS = (
					"$(inherited)",
					"@executable_path/Frameworks",
				);
				MARKETING_VERSION = 1.0;
				PRODUCT_BUNDLE_IDENTIFIER = com.DavidRomero.Groovify;
				PRODUCT_NAME = "$(TARGET_NAME)";
				SWIFT_EMIT_LOC_STRINGS = YES;
				SWIFT_VERSION = 5.0;
				TARGETED_DEVICE_FAMILY = "1,2";
			};
			name = Release;
		};
		BC064B372CD2D71E0082B7D9 /* Debug */ = {
			isa = XCBuildConfiguration;
			buildSettings = {
				BUNDLE_LOADER = "$(TEST_HOST)";
				CODE_SIGN_STYLE = Automatic;
				CURRENT_PROJECT_VERSION = 1;
				DEVELOPMENT_TEAM = HB3XP4BKLJ;
				GENERATE_INFOPLIST_FILE = YES;
				IPHONEOS_DEPLOYMENT_TARGET = 18.1;
				MARKETING_VERSION = 1.0;
				PRODUCT_BUNDLE_IDENTIFIER = com.DavidRomero.GroovifyTests;
				PRODUCT_NAME = "$(TARGET_NAME)";
				SWIFT_EMIT_LOC_STRINGS = NO;
				SWIFT_VERSION = 5.0;
				TARGETED_DEVICE_FAMILY = "1,2";
				TEST_HOST = "$(BUILT_PRODUCTS_DIR)/Groovify.app/$(BUNDLE_EXECUTABLE_FOLDER_PATH)/Groovify";
			};
			name = Debug;
		};
		BC064B382CD2D71E0082B7D9 /* Release */ = {
			isa = XCBuildConfiguration;
			buildSettings = {
				BUNDLE_LOADER = "$(TEST_HOST)";
				CODE_SIGN_STYLE = Automatic;
				CURRENT_PROJECT_VERSION = 1;
				DEVELOPMENT_TEAM = HB3XP4BKLJ;
				GENERATE_INFOPLIST_FILE = YES;
				IPHONEOS_DEPLOYMENT_TARGET = 18.1;
				MARKETING_VERSION = 1.0;
				PRODUCT_BUNDLE_IDENTIFIER = com.DavidRomero.GroovifyTests;
				PRODUCT_NAME = "$(TARGET_NAME)";
				SWIFT_EMIT_LOC_STRINGS = NO;
				SWIFT_VERSION = 5.0;
				TARGETED_DEVICE_FAMILY = "1,2";
				TEST_HOST = "$(BUILT_PRODUCTS_DIR)/Groovify.app/$(BUNDLE_EXECUTABLE_FOLDER_PATH)/Groovify";
			};
			name = Release;
		};
		BC064B3A2CD2D71E0082B7D9 /* Debug */ = {
			isa = XCBuildConfiguration;
			buildSettings = {
				CODE_SIGN_STYLE = Automatic;
				CURRENT_PROJECT_VERSION = 1;
				DEVELOPMENT_TEAM = HB3XP4BKLJ;
				GENERATE_INFOPLIST_FILE = YES;
				MARKETING_VERSION = 1.0;
				PRODUCT_BUNDLE_IDENTIFIER = com.DavidRomero.GroovifyUITests;
				PRODUCT_NAME = "$(TARGET_NAME)";
				SWIFT_EMIT_LOC_STRINGS = NO;
				SWIFT_VERSION = 5.0;
				TARGETED_DEVICE_FAMILY = "1,2";
				TEST_TARGET_NAME = Groovify;
			};
			name = Debug;
		};
		BC064B3B2CD2D71E0082B7D9 /* Release */ = {
			isa = XCBuildConfiguration;
			buildSettings = {
				CODE_SIGN_STYLE = Automatic;
				CURRENT_PROJECT_VERSION = 1;
				DEVELOPMENT_TEAM = HB3XP4BKLJ;
				GENERATE_INFOPLIST_FILE = YES;
				MARKETING_VERSION = 1.0;
				PRODUCT_BUNDLE_IDENTIFIER = com.DavidRomero.GroovifyUITests;
				PRODUCT_NAME = "$(TARGET_NAME)";
				SWIFT_EMIT_LOC_STRINGS = NO;
				SWIFT_VERSION = 5.0;
				TARGETED_DEVICE_FAMILY = "1,2";
				TEST_TARGET_NAME = Groovify;
			};
			name = Release;
		};
/* End XCBuildConfiguration section */

/* Begin XCConfigurationList section */
		BC064B052CD2D7190082B7D9 /* Build configuration list for PBXProject "Groovify" */ = {
			isa = XCConfigurationList;
			buildConfigurations = (
				BC064B312CD2D71E0082B7D9 /* Debug */,
				BC064B322CD2D71E0082B7D9 /* Release */,
			);
			defaultConfigurationIsVisible = 0;
			defaultConfigurationName = Release;
		};
		BC064B332CD2D71E0082B7D9 /* Build configuration list for PBXNativeTarget "Groovify" */ = {
			isa = XCConfigurationList;
			buildConfigurations = (
				BC064B342CD2D71E0082B7D9 /* Debug */,
				BC064B352CD2D71E0082B7D9 /* Release */,
			);
			defaultConfigurationIsVisible = 0;
			defaultConfigurationName = Release;
		};
		BC064B362CD2D71E0082B7D9 /* Build configuration list for PBXNativeTarget "GroovifyTests" */ = {
			isa = XCConfigurationList;
			buildConfigurations = (
				BC064B372CD2D71E0082B7D9 /* Debug */,
				BC064B382CD2D71E0082B7D9 /* Release */,
			);
			defaultConfigurationIsVisible = 0;
			defaultConfigurationName = Release;
		};
		BC064B392CD2D71E0082B7D9 /* Build configuration list for PBXNativeTarget "GroovifyUITests" */ = {
			isa = XCConfigurationList;
			buildConfigurations = (
				BC064B3A2CD2D71E0082B7D9 /* Debug */,
				BC064B3B2CD2D71E0082B7D9 /* Release */,
			);
			defaultConfigurationIsVisible = 0;
			defaultConfigurationName = Release;
		};
/* End XCConfigurationList section */
	};
	rootObject = BC064B022CD2D7190082B7D9 /* Project object */;
}
