// !$*UTF8*$!
{
	archiveVersion = 1;
	classes = {
	};
	objectVersion = 77;
	objects = {

/* Begin PBXBuildFile section */
		0FA504902D0906FA008EDB33 /* WidgetKit.framework in Frameworks */ = {isa = PBXBuildFile; fileRef = 0FA5048F2D0906FA008EDB33 /* WidgetKit.framework */; };
		0FA504922D0906FA008EDB33 /* SwiftUI.framework in Frameworks */ = {isa = PBXBuildFile; fileRef = 0FA504912D0906FA008EDB33 /* SwiftUI.framework */; };
		0FA5049D2D0906FC008EDB33 /* GroovifyWidgetExtension.appex in Embed Foundation Extensions */ = {isa = PBXBuildFile; fileRef = 0FA5048D2D0906FA008EDB33 /* GroovifyWidgetExtension.appex */; settings = {ATTRIBUTES = (RemoveHeadersOnCopy, ); }; };
		672562BE2CE334F00002C571 /* FirebaseAnalytics in Frameworks */ = {isa = PBXBuildFile; productRef = 672562BD2CE334F00002C571 /* FirebaseAnalytics */; };
		672562C02CE334F00002C571 /* FirebaseAnalyticsOnDeviceConversion in Frameworks */ = {isa = PBXBuildFile; productRef = 672562BF2CE334F00002C571 /* FirebaseAnalyticsOnDeviceConversion */; };
		672562C22CE334F00002C571 /* FirebaseAnalyticsWithoutAdIdSupport in Frameworks */ = {isa = PBXBuildFile; productRef = 672562C12CE334F00002C571 /* FirebaseAnalyticsWithoutAdIdSupport */; };
		672562C42CE334F00002C571 /* FirebaseAppCheck in Frameworks */ = {isa = PBXBuildFile; productRef = 672562C32CE334F00002C571 /* FirebaseAppCheck */; };
		672562C62CE334F00002C571 /* FirebaseAppDistribution-Beta in Frameworks */ = {isa = PBXBuildFile; productRef = 672562C52CE334F00002C571 /* FirebaseAppDistribution-Beta */; };
		672562C82CE334F00002C571 /* FirebaseAuth in Frameworks */ = {isa = PBXBuildFile; productRef = 672562C72CE334F00002C571 /* FirebaseAuth */; };
		672562CA2CE334F00002C571 /* FirebaseAuthCombine-Community in Frameworks */ = {isa = PBXBuildFile; productRef = 672562C92CE334F00002C571 /* FirebaseAuthCombine-Community */; };
		672562CC2CE334F00002C571 /* FirebaseCore in Frameworks */ = {isa = PBXBuildFile; productRef = 672562CB2CE334F00002C571 /* FirebaseCore */; };
		672562CE2CE334F00002C571 /* FirebaseCrashlytics in Frameworks */ = {isa = PBXBuildFile; productRef = 672562CD2CE334F00002C571 /* FirebaseCrashlytics */; };
		672562D02CE334F00002C571 /* FirebaseDatabase in Frameworks */ = {isa = PBXBuildFile; productRef = 672562CF2CE334F00002C571 /* FirebaseDatabase */; };
		672562D22CE334F00002C571 /* FirebaseDynamicLinks in Frameworks */ = {isa = PBXBuildFile; productRef = 672562D12CE334F00002C571 /* FirebaseDynamicLinks */; };
		672562D42CE334F00002C571 /* FirebaseFirestore in Frameworks */ = {isa = PBXBuildFile; productRef = 672562D32CE334F00002C571 /* FirebaseFirestore */; };
		672562D62CE334F00002C571 /* FirebaseFirestoreCombine-Community in Frameworks */ = {isa = PBXBuildFile; productRef = 672562D52CE334F00002C571 /* FirebaseFirestoreCombine-Community */; };
		672562D82CE334F00002C571 /* FirebaseFunctions in Frameworks */ = {isa = PBXBuildFile; productRef = 672562D72CE334F00002C571 /* FirebaseFunctions */; };
		672562DA2CE334F00002C571 /* FirebaseFunctionsCombine-Community in Frameworks */ = {isa = PBXBuildFile; productRef = 672562D92CE334F00002C571 /* FirebaseFunctionsCombine-Community */; };
		672562DC2CE334F00002C571 /* FirebaseInAppMessaging-Beta in Frameworks */ = {isa = PBXBuildFile; productRef = 672562DB2CE334F00002C571 /* FirebaseInAppMessaging-Beta */; };
		672562DE2CE334F00002C571 /* FirebaseInstallations in Frameworks */ = {isa = PBXBuildFile; productRef = 672562DD2CE334F00002C571 /* FirebaseInstallations */; };
		672562E02CE334F00002C571 /* FirebaseMLModelDownloader in Frameworks */ = {isa = PBXBuildFile; productRef = 672562DF2CE334F00002C571 /* FirebaseMLModelDownloader */; };
		672562E22CE334F00002C571 /* FirebaseMessaging in Frameworks */ = {isa = PBXBuildFile; productRef = 672562E12CE334F00002C571 /* FirebaseMessaging */; };
		672562E42CE334F00002C571 /* FirebasePerformance in Frameworks */ = {isa = PBXBuildFile; productRef = 672562E32CE334F00002C571 /* FirebasePerformance */; };
		672562E62CE334F00002C571 /* FirebaseRemoteConfig in Frameworks */ = {isa = PBXBuildFile; productRef = 672562E52CE334F00002C571 /* FirebaseRemoteConfig */; };
		672562E82CE334F00002C571 /* FirebaseStorage in Frameworks */ = {isa = PBXBuildFile; productRef = 672562E72CE334F00002C571 /* FirebaseStorage */; };
		672562EA2CE334F00002C571 /* FirebaseStorageCombine-Community in Frameworks */ = {isa = PBXBuildFile; productRef = 672562E92CE334F00002C571 /* FirebaseStorageCombine-Community */; };
		672562EC2CE334F00002C571 /* FirebaseVertexAI in Frameworks */ = {isa = PBXBuildFile; productRef = 672562EB2CE334F00002C571 /* FirebaseVertexAI */; };
/* End PBXBuildFile section */

/* Begin PBXContainerItemProxy section */
		0FA5049B2D0906FC008EDB33 /* PBXContainerItemProxy */ = {
			isa = PBXContainerItemProxy;
			containerPortal = BC064B022CD2D7190082B7D9 /* Project object */;
			proxyType = 1;
			remoteGlobalIDString = 0FA5048C2D0906FA008EDB33;
			remoteInfo = GroovifyWidgetExtension;
		};
		BC064B202CD2D71E0082B7D9 /* PBXContainerItemProxy */ = {
			isa = PBXContainerItemProxy;
			containerPortal = BC064B022CD2D7190082B7D9 /* Project object */;
			proxyType = 1;
			remoteGlobalIDString = BC064B092CD2D7190082B7D9;
			remoteInfo = Groovify;
		};
		BC064B2A2CD2D71E0082B7D9 /* PBXContainerItemProxy */ = {
			isa = PBXContainerItemProxy;
			containerPortal = BC064B022CD2D7190082B7D9 /* Project object */;
			proxyType = 1;
			remoteGlobalIDString = BC064B092CD2D7190082B7D9;
			remoteInfo = Groovify;
		};
/* End PBXContainerItemProxy section */

/* Begin PBXCopyFilesBuildPhase section */
		0FA5049E2D0906FC008EDB33 /* Embed Foundation Extensions */ = {
			isa = PBXCopyFilesBuildPhase;
			buildActionMask = 2147483647;
			dstPath = "";
			dstSubfolderSpec = 13;
			files = (
				0FA5049D2D0906FC008EDB33 /* GroovifyWidgetExtension.appex in Embed Foundation Extensions */,
			);
			name = "Embed Foundation Extensions";
			runOnlyForDeploymentPostprocessing = 0;
		};
/* End PBXCopyFilesBuildPhase section */

/* Begin PBXFileReference section */
		0FA5048D2D0906FA008EDB33 /* GroovifyWidgetExtension.appex */ = {isa = PBXFileReference; explicitFileType = "wrapper.app-extension"; includeInIndex = 0; path = GroovifyWidgetExtension.appex; sourceTree = BUILT_PRODUCTS_DIR; };
		0FA5048F2D0906FA008EDB33 /* WidgetKit.framework */ = {isa = PBXFileReference; lastKnownFileType = wrapper.framework; name = WidgetKit.framework; path = System/Library/Frameworks/WidgetKit.framework; sourceTree = SDKROOT; };
		0FA504912D0906FA008EDB33 /* SwiftUI.framework */ = {isa = PBXFileReference; lastKnownFileType = wrapper.framework; name = SwiftUI.framework; path = System/Library/Frameworks/SwiftUI.framework; sourceTree = SDKROOT; };
		BC064B0A2CD2D7190082B7D9 /* Groovify.app */ = {isa = PBXFileReference; explicitFileType = wrapper.application; includeInIndex = 0; path = Groovify.app; sourceTree = BUILT_PRODUCTS_DIR; };
		BC064B1F2CD2D71E0082B7D9 /* GroovifyTests.xctest */ = {isa = PBXFileReference; explicitFileType = wrapper.cfbundle; includeInIndex = 0; path = GroovifyTests.xctest; sourceTree = BUILT_PRODUCTS_DIR; };
		BC064B292CD2D71E0082B7D9 /* GroovifyUITests.xctest */ = {isa = PBXFileReference; explicitFileType = wrapper.cfbundle; includeInIndex = 0; path = GroovifyUITests.xctest; sourceTree = BUILT_PRODUCTS_DIR; };
/* End PBXFileReference section */

/* Begin PBXFileSystemSynchronizedBuildFileExceptionSet section */
		0C3835002D07AFB200C72DAF /* Exceptions for "Groovify" folder in "Groovify" target */ = {
			isa = PBXFileSystemSynchronizedBuildFileExceptionSet;
			membershipExceptions = (
				Info.plist,
			);
			target = BC064B092CD2D7190082B7D9 /* Groovify */;
		};
		0FA504A42D09087B008EDB33 /* Exceptions for "Groovify" folder in "GroovifyWidgetExtension" target */ = {
			isa = PBXFileSystemSynchronizedBuildFileExceptionSet;
			membershipExceptions = (
				Models/HomePageRecommendations/AlbumData.swift,
				Models/HomePageRecommendations/CommonModels.swift,
				Models/HomePageRecommendations/FeaturedPlaylists.swift,
				Models/HomePageRecommendations/NewReleases.swift,
				Models/SpotifyAPI/SpotifyAPIService.swift,
				Models/SpotifyAPI/SpotifyAuth.swift,
				ViewModels/HomeViewModel.swift,
				Views/Widgets/GenreSectionView.swift,
				Views/Widgets/ListView.swift,
			);
			target = 0FA5048C2D0906FA008EDB33 /* GroovifyWidgetExtension */;
		};
		673E12C92CEE2DE70039E38D /* Exceptions for "Groovify" folder in "GroovifyTests" target */ = {
			isa = PBXFileSystemSynchronizedBuildFileExceptionSet;
			membershipExceptions = (
				"GoogleService-Info.plist",
			);
			target = BC064B1E2CD2D71E0082B7D9 /* GroovifyTests */;
		};
		673E12CA2CEE2DE70039E38D /* Exceptions for "Groovify" folder in "GroovifyUITests" target */ = {
			isa = PBXFileSystemSynchronizedBuildFileExceptionSet;
			membershipExceptions = (
				"GoogleService-Info.plist",
			);
			target = BC064B282CD2D71E0082B7D9 /* GroovifyUITests */;
		};
/* End PBXFileSystemSynchronizedBuildFileExceptionSet section */

/* Begin PBXFileSystemSynchronizedRootGroup section */
		0FA504932D0906FA008EDB33 /* GroovifyWidget */ = {
			isa = PBXFileSystemSynchronizedRootGroup;
			path = GroovifyWidget;
			sourceTree = "<group>";
		};
		BC064B0C2CD2D7190082B7D9 /* Groovify */ = {
			isa = PBXFileSystemSynchronizedRootGroup;
			exceptions = (
				0C3835002D07AFB200C72DAF /* Exceptions for "Groovify" folder in "Groovify" target */,
				673E12C92CEE2DE70039E38D /* Exceptions for "Groovify" folder in "GroovifyTests" target */,
				673E12CA2CEE2DE70039E38D /* Exceptions for "Groovify" folder in "GroovifyUITests" target */,
				0FA504A42D09087B008EDB33 /* Exceptions for "Groovify" folder in "GroovifyWidgetExtension" target */,
			);
			path = Groovify;
			sourceTree = "<group>";
		};
		BC064B222CD2D71E0082B7D9 /* GroovifyTests */ = {
			isa = PBXFileSystemSynchronizedRootGroup;
			path = GroovifyTests;
			sourceTree = "<group>";
		};
		BC064B2C2CD2D71E0082B7D9 /* GroovifyUITests */ = {
			isa = PBXFileSystemSynchronizedRootGroup;
			path = GroovifyUITests;
			sourceTree = "<group>";
		};
/* End PBXFileSystemSynchronizedRootGroup section */

/* Begin PBXFrameworksBuildPhase section */
		0FA5048A2D0906FA008EDB33 /* Frameworks */ = {
			isa = PBXFrameworksBuildPhase;
			buildActionMask = 2147483647;
			files = (
				0FA504922D0906FA008EDB33 /* SwiftUI.framework in Frameworks */,
				0FA504902D0906FA008EDB33 /* WidgetKit.framework in Frameworks */,
			);
			runOnlyForDeploymentPostprocessing = 0;
		};
		BC064B072CD2D7190082B7D9 /* Frameworks */ = {
			isa = PBXFrameworksBuildPhase;
			buildActionMask = 2147483647;
			files = (
				672562D62CE334F00002C571 /* FirebaseFirestoreCombine-Community in Frameworks */,
				672562EC2CE334F00002C571 /* FirebaseVertexAI in Frameworks */,
				672562D82CE334F00002C571 /* FirebaseFunctions in Frameworks */,
				672562E42CE334F00002C571 /* FirebasePerformance in Frameworks */,
				672562EA2CE334F00002C571 /* FirebaseStorageCombine-Community in Frameworks */,
				672562E62CE334F00002C571 /* FirebaseRemoteConfig in Frameworks */,
				672562D02CE334F00002C571 /* FirebaseDatabase in Frameworks */,
				672562D22CE334F00002C571 /* FirebaseDynamicLinks in Frameworks */,
				672562C42CE334F00002C571 /* FirebaseAppCheck in Frameworks */,
				672562C82CE334F00002C571 /* FirebaseAuth in Frameworks */,
				672562BE2CE334F00002C571 /* FirebaseAnalytics in Frameworks */,
				672562D42CE334F00002C571 /* FirebaseFirestore in Frameworks */,
				672562E22CE334F00002C571 /* FirebaseMessaging in Frameworks */,
				672562DE2CE334F00002C571 /* FirebaseInstallations in Frameworks */,
				672562DA2CE334F00002C571 /* FirebaseFunctionsCombine-Community in Frameworks */,
				672562C62CE334F00002C571 /* FirebaseAppDistribution-Beta in Frameworks */,
				672562C22CE334F00002C571 /* FirebaseAnalyticsWithoutAdIdSupport in Frameworks */,
				672562DC2CE334F00002C571 /* FirebaseInAppMessaging-Beta in Frameworks */,
				672562CA2CE334F00002C571 /* FirebaseAuthCombine-Community in Frameworks */,
				672562CE2CE334F00002C571 /* FirebaseCrashlytics in Frameworks */,
				672562E02CE334F00002C571 /* FirebaseMLModelDownloader in Frameworks */,
				672562E82CE334F00002C571 /* FirebaseStorage in Frameworks */,
				672562CC2CE334F00002C571 /* FirebaseCore in Frameworks */,
				672562C02CE334F00002C571 /* FirebaseAnalyticsOnDeviceConversion in Frameworks */,
			);
			runOnlyForDeploymentPostprocessing = 0;
		};
		BC064B1C2CD2D71E0082B7D9 /* Frameworks */ = {
			isa = PBXFrameworksBuildPhase;
			buildActionMask = 2147483647;
			files = (
			);
			runOnlyForDeploymentPostprocessing = 0;
		};
		BC064B262CD2D71E0082B7D9 /* Frameworks */ = {
			isa = PBXFrameworksBuildPhase;
			buildActionMask = 2147483647;
			files = (
			);
			runOnlyForDeploymentPostprocessing = 0;
		};
/* End PBXFrameworksBuildPhase section */

/* Begin PBXGroup section */
		0FA5048E2D0906FA008EDB33 /* Frameworks */ = {
			isa = PBXGroup;
			children = (
				0FA5048F2D0906FA008EDB33 /* WidgetKit.framework */,
				0FA504912D0906FA008EDB33 /* SwiftUI.framework */,
			);
			name = Frameworks;
			sourceTree = "<group>";
		};
		BC064B012CD2D7190082B7D9 = {
			isa = PBXGroup;
			children = (
				BC064B0C2CD2D7190082B7D9 /* Groovify */,
				BC064B222CD2D71E0082B7D9 /* GroovifyTests */,
				BC064B2C2CD2D71E0082B7D9 /* GroovifyUITests */,
				0FA504932D0906FA008EDB33 /* GroovifyWidget */,
				0FA5048E2D0906FA008EDB33 /* Frameworks */,
				BC064B0B2CD2D7190082B7D9 /* Products */,
			);
			sourceTree = "<group>";
		};
		BC064B0B2CD2D7190082B7D9 /* Products */ = {
			isa = PBXGroup;
			children = (
				BC064B0A2CD2D7190082B7D9 /* Groovify.app */,
				BC064B1F2CD2D71E0082B7D9 /* GroovifyTests.xctest */,
				BC064B292CD2D71E0082B7D9 /* GroovifyUITests.xctest */,
				0FA5048D2D0906FA008EDB33 /* GroovifyWidgetExtension.appex */,
			);
			name = Products;
			sourceTree = "<group>";
		};
/* End PBXGroup section */

/* Begin PBXNativeTarget section */
		0FA5048C2D0906FA008EDB33 /* GroovifyWidgetExtension */ = {
			isa = PBXNativeTarget;
			buildConfigurationList = 0FA504A12D0906FC008EDB33 /* Build configuration list for PBXNativeTarget "GroovifyWidgetExtension" */;
			buildPhases = (
				0FA504892D0906FA008EDB33 /* Sources */,
				0FA5048A2D0906FA008EDB33 /* Frameworks */,
				0FA5048B2D0906FA008EDB33 /* Resources */,
			);
			buildRules = (
			);
			dependencies = (
			);
			fileSystemSynchronizedGroups = (
				0FA504932D0906FA008EDB33 /* GroovifyWidget */,
			);
			name = GroovifyWidgetExtension;
			packageProductDependencies = (
			);
			productName = GroovifyWidgetExtension;
			productReference = 0FA5048D2D0906FA008EDB33 /* GroovifyWidgetExtension.appex */;
			productType = "com.apple.product-type.app-extension";
		};
		BC064B092CD2D7190082B7D9 /* Groovify */ = {
			isa = PBXNativeTarget;
			buildConfigurationList = BC064B332CD2D71E0082B7D9 /* Build configuration list for PBXNativeTarget "Groovify" */;
			buildPhases = (
				BC064B062CD2D7190082B7D9 /* Sources */,
				BC064B072CD2D7190082B7D9 /* Frameworks */,
				BC064B082CD2D7190082B7D9 /* Resources */,
				0FA5049E2D0906FC008EDB33 /* Embed Foundation Extensions */,
			);
			buildRules = (
			);
			dependencies = (
				0FA5049C2D0906FC008EDB33 /* PBXTargetDependency */,
			);
			fileSystemSynchronizedGroups = (
				BC064B0C2CD2D7190082B7D9 /* Groovify */,
			);
			name = Groovify;
			packageProductDependencies = (
				672562BD2CE334F00002C571 /* FirebaseAnalytics */,
				672562BF2CE334F00002C571 /* FirebaseAnalyticsOnDeviceConversion */,
				672562C12CE334F00002C571 /* FirebaseAnalyticsWithoutAdIdSupport */,
				672562C32CE334F00002C571 /* FirebaseAppCheck */,
				672562C52CE334F00002C571 /* FirebaseAppDistribution-Beta */,
				672562C72CE334F00002C571 /* FirebaseAuth */,
				672562C92CE334F00002C571 /* FirebaseAuthCombine-Community */,
				672562CB2CE334F00002C571 /* FirebaseCore */,
				672562CD2CE334F00002C571 /* FirebaseCrashlytics */,
				672562CF2CE334F00002C571 /* FirebaseDatabase */,
				672562D12CE334F00002C571 /* FirebaseDynamicLinks */,
				672562D32CE334F00002C571 /* FirebaseFirestore */,
				672562D52CE334F00002C571 /* FirebaseFirestoreCombine-Community */,
				672562D72CE334F00002C571 /* FirebaseFunctions */,
				672562D92CE334F00002C571 /* FirebaseFunctionsCombine-Community */,
				672562DB2CE334F00002C571 /* FirebaseInAppMessaging-Beta */,
				672562DD2CE334F00002C571 /* FirebaseInstallations */,
				672562DF2CE334F00002C571 /* FirebaseMLModelDownloader */,
				672562E12CE334F00002C571 /* FirebaseMessaging */,
				672562E32CE334F00002C571 /* FirebasePerformance */,
				672562E52CE334F00002C571 /* FirebaseRemoteConfig */,
				672562E72CE334F00002C571 /* FirebaseStorage */,
				672562E92CE334F00002C571 /* FirebaseStorageCombine-Community */,
				672562EB2CE334F00002C571 /* FirebaseVertexAI */,
			);
			productName = Groovify;
			productReference = BC064B0A2CD2D7190082B7D9 /* Groovify.app */;
			productType = "com.apple.product-type.application";
		};
		BC064B1E2CD2D71E0082B7D9 /* GroovifyTests */ = {
			isa = PBXNativeTarget;
			buildConfigurationList = BC064B362CD2D71E0082B7D9 /* Build configuration list for PBXNativeTarget "GroovifyTests" */;
			buildPhases = (
				BC064B1B2CD2D71E0082B7D9 /* Sources */,
				BC064B1C2CD2D71E0082B7D9 /* Frameworks */,
				BC064B1D2CD2D71E0082B7D9 /* Resources */,
			);
			buildRules = (
			);
			dependencies = (
				BC064B212CD2D71E0082B7D9 /* PBXTargetDependency */,
			);
			fileSystemSynchronizedGroups = (
				BC064B222CD2D71E0082B7D9 /* GroovifyTests */,
			);
			name = GroovifyTests;
			packageProductDependencies = (
			);
			productName = GroovifyTests;
			productReference = BC064B1F2CD2D71E0082B7D9 /* GroovifyTests.xctest */;
			productType = "com.apple.product-type.bundle.unit-test";
		};
		BC064B282CD2D71E0082B7D9 /* GroovifyUITests */ = {
			isa = PBXNativeTarget;
			buildConfigurationList = BC064B392CD2D71E0082B7D9 /* Build configuration list for PBXNativeTarget "GroovifyUITests" */;
			buildPhases = (
				BC064B252CD2D71E0082B7D9 /* Sources */,
				BC064B262CD2D71E0082B7D9 /* Frameworks */,
				BC064B272CD2D71E0082B7D9 /* Resources */,
			);
			buildRules = (
			);
			dependencies = (
				BC064B2B2CD2D71E0082B7D9 /* PBXTargetDependency */,
			);
			fileSystemSynchronizedGroups = (
				BC064B2C2CD2D71E0082B7D9 /* GroovifyUITests */,
			);
			name = GroovifyUITests;
			packageProductDependencies = (
			);
			productName = GroovifyUITests;
			productReference = BC064B292CD2D71E0082B7D9 /* GroovifyUITests.xctest */;
			productType = "com.apple.product-type.bundle.ui-testing";
		};
/* End PBXNativeTarget section */

/* Begin PBXProject section */
		BC064B022CD2D7190082B7D9 /* Project object */ = {
			isa = PBXProject;
			attributes = {
				BuildIndependentTargetsInParallel = 1;
				LastSwiftUpdateCheck = 1610;
				LastUpgradeCheck = 1610;
				TargetAttributes = {
					0FA5048C2D0906FA008EDB33 = {
						CreatedOnToolsVersion = 16.1;
					};
					BC064B092CD2D7190082B7D9 = {
						CreatedOnToolsVersion = 16.1;
					};
					BC064B1E2CD2D71E0082B7D9 = {
						CreatedOnToolsVersion = 16.1;
						TestTargetID = BC064B092CD2D7190082B7D9;
					};
					BC064B282CD2D71E0082B7D9 = {
						CreatedOnToolsVersion = 16.1;
						TestTargetID = BC064B092CD2D7190082B7D9;
					};
				};
			};
			buildConfigurationList = BC064B052CD2D7190082B7D9 /* Build configuration list for PBXProject "Groovify" */;
			developmentRegion = en;
			hasScannedForEncodings = 0;
			knownRegions = (
				en,
				Base,
			);
			mainGroup = BC064B012CD2D7190082B7D9;
			minimizedProjectReferenceProxies = 1;
			packageReferences = (
				672562BC2CE334F00002C571 /* XCRemoteSwiftPackageReference "firebase-ios-sdk" */,
			);
			preferredProjectObjectVersion = 77;
			productRefGroup = BC064B0B2CD2D7190082B7D9 /* Products */;
			projectDirPath = "";
			projectRoot = "";
			targets = (
				BC064B092CD2D7190082B7D9 /* Groovify */,
				BC064B1E2CD2D71E0082B7D9 /* GroovifyTests */,
				BC064B282CD2D71E0082B7D9 /* GroovifyUITests */,
				0FA5048C2D0906FA008EDB33 /* GroovifyWidgetExtension */,
			);
		};
/* End PBXProject section */

/* Begin PBXResourcesBuildPhase section */
		0FA5048B2D0906FA008EDB33 /* Resources */ = {
			isa = PBXResourcesBuildPhase;
			buildActionMask = 2147483647;
			files = (
			);
			runOnlyForDeploymentPostprocessing = 0;
		};
		BC064B082CD2D7190082B7D9 /* Resources */ = {
			isa = PBXResourcesBuildPhase;
			buildActionMask = 2147483647;
			files = (
			);
			runOnlyForDeploymentPostprocessing = 0;
		};
		BC064B1D2CD2D71E0082B7D9 /* Resources */ = {
			isa = PBXResourcesBuildPhase;
			buildActionMask = 2147483647;
			files = (
			);
			runOnlyForDeploymentPostprocessing = 0;
		};
		BC064B272CD2D71E0082B7D9 /* Resources */ = {
			isa = PBXResourcesBuildPhase;
			buildActionMask = 2147483647;
			files = (
			);
			runOnlyForDeploymentPostprocessing = 0;
		};
/* End PBXResourcesBuildPhase section */

/* Begin PBXSourcesBuildPhase section */
		0FA504892D0906FA008EDB33 /* Sources */ = {
			isa = PBXSourcesBuildPhase;
			buildActionMask = 2147483647;
			files = (
			);
			runOnlyForDeploymentPostprocessing = 0;
		};
		BC064B062CD2D7190082B7D9 /* Sources */ = {
			isa = PBXSourcesBuildPhase;
			buildActionMask = 2147483647;
			files = (
			);
			runOnlyForDeploymentPostprocessing = 0;
		};
		BC064B1B2CD2D71E0082B7D9 /* Sources */ = {
			isa = PBXSourcesBuildPhase;
			buildActionMask = 2147483647;
			files = (
			);
			runOnlyForDeploymentPostprocessing = 0;
		};
		BC064B252CD2D71E0082B7D9 /* Sources */ = {
			isa = PBXSourcesBuildPhase;
			buildActionMask = 2147483647;
			files = (
			);
			runOnlyForDeploymentPostprocessing = 0;
		};
/* End PBXSourcesBuildPhase section */

/* Begin PBXTargetDependency section */
		0FA5049C2D0906FC008EDB33 /* PBXTargetDependency */ = {
			isa = PBXTargetDependency;
			target = 0FA5048C2D0906FA008EDB33 /* GroovifyWidgetExtension */;
			targetProxy = 0FA5049B2D0906FC008EDB33 /* PBXContainerItemProxy */;
		};
		BC064B212CD2D71E0082B7D9 /* PBXTargetDependency */ = {
			isa = PBXTargetDependency;
			target = BC064B092CD2D7190082B7D9 /* Groovify */;
			targetProxy = BC064B202CD2D71E0082B7D9 /* PBXContainerItemProxy */;
		};
		BC064B2B2CD2D71E0082B7D9 /* PBXTargetDependency */ = {
			isa = PBXTargetDependency;
			target = BC064B092CD2D7190082B7D9 /* Groovify */;
			targetProxy = BC064B2A2CD2D71E0082B7D9 /* PBXContainerItemProxy */;
		};
/* End PBXTargetDependency section */

/* Begin XCBuildConfiguration section */
		0FA5049F2D0906FC008EDB33 /* Debug */ = {
			isa = XCBuildConfiguration;
			buildSettings = {
				ASSETCATALOG_COMPILER_GLOBAL_ACCENT_COLOR_NAME = AccentColor;
				ASSETCATALOG_COMPILER_WIDGET_BACKGROUND_COLOR_NAME = WidgetBackground;
				CODE_SIGN_STYLE = Automatic;
				CURRENT_PROJECT_VERSION = 1;
				DEVELOPMENT_TEAM = HB3XP4BKLJ;
				GENERATE_INFOPLIST_FILE = YES;
				INFOPLIST_FILE = GroovifyWidget/Info.plist;
				INFOPLIST_KEY_CFBundleDisplayName = GroovifyWidget;
				INFOPLIST_KEY_NSHumanReadableCopyright = "";
				IPHONEOS_DEPLOYMENT_TARGET = 17.0;
				LD_RUNPATH_SEARCH_PATHS = (
					"$(inherited)",
					"@executable_path/Frameworks",
					"@executable_path/../../Frameworks",
				);
				MARKETING_VERSION = 1.0;
				PRODUCT_BUNDLE_IDENTIFIER = com.DavidRomero.Groovify.GroovifyWidget;
				PRODUCT_NAME = "$(TARGET_NAME)";
				SKIP_INSTALL = YES;
				SWIFT_EMIT_LOC_STRINGS = YES;
				SWIFT_VERSION = 5.0;
				TARGETED_DEVICE_FAMILY = "1,2";
			};
			name = Debug;
		};
		0FA504A02D0906FC008EDB33 /* Release */ = {
			isa = XCBuildConfiguration;
			buildSettings = {
				ASSETCATALOG_COMPILER_GLOBAL_ACCENT_COLOR_NAME = AccentColor;
				ASSETCATALOG_COMPILER_WIDGET_BACKGROUND_COLOR_NAME = WidgetBackground;
				CODE_SIGN_STYLE = Automatic;
				CURRENT_PROJECT_VERSION = 1;
				DEVELOPMENT_TEAM = HB3XP4BKLJ;
				GENERATE_INFOPLIST_FILE = YES;
				INFOPLIST_FILE = GroovifyWidget/Info.plist;
				INFOPLIST_KEY_CFBundleDisplayName = GroovifyWidget;
				INFOPLIST_KEY_NSHumanReadableCopyright = "";
				IPHONEOS_DEPLOYMENT_TARGET = 17.0;
				LD_RUNPATH_SEARCH_PATHS = (
					"$(inherited)",
					"@executable_path/Frameworks",
					"@executable_path/../../Frameworks",
				);
				MARKETING_VERSION = 1.0;
				PRODUCT_BUNDLE_IDENTIFIER = com.DavidRomero.Groovify.GroovifyWidget;
				PRODUCT_NAME = "$(TARGET_NAME)";
				SKIP_INSTALL = YES;
				SWIFT_EMIT_LOC_STRINGS = YES;
				SWIFT_VERSION = 5.0;
				TARGETED_DEVICE_FAMILY = "1,2";
			};
			name = Release;
		};
		BC064B312CD2D71E0082B7D9 /* Debug */ = {
			isa = XCBuildConfiguration;
			buildSettings = {
				ALWAYS_SEARCH_USER_PATHS = NO;
				ASSETCATALOG_COMPILER_GENERATE_SWIFT_ASSET_SYMBOL_EXTENSIONS = YES;
				CLANG_ANALYZER_NONNULL = YES;
				CLANG_ANALYZER_NUMBER_OBJECT_CONVERSION = YES_AGGRESSIVE;
				CLANG_CXX_LANGUAGE_STANDARD = "gnu++20";
				CLANG_ENABLE_MODULES = YES;
				CLANG_ENABLE_OBJC_ARC = YES;
				CLANG_ENABLE_OBJC_WEAK = YES;
				CLANG_WARN_BLOCK_CAPTURE_AUTORELEASING = YES;
				CLANG_WARN_BOOL_CONVERSION = YES;
				CLANG_WARN_COMMA = YES;
				CLANG_WARN_CONSTANT_CONVERSION = YES;
				CLANG_WARN_DEPRECATED_OBJC_IMPLEMENTATIONS = YES;
				CLANG_WARN_DIRECT_OBJC_ISA_USAGE = YES_ERROR;
				CLANG_WARN_DOCUMENTATION_COMMENTS = YES;
				CLANG_WARN_EMPTY_BODY = YES;
				CLANG_WARN_ENUM_CONVERSION = YES;
				CLANG_WARN_INFINITE_RECURSION = YES;
				CLANG_WARN_INT_CONVERSION = YES;
				CLANG_WARN_NON_LITERAL_NULL_CONVERSION = YES;
				CLANG_WARN_OBJC_IMPLICIT_RETAIN_SELF = YES;
				CLANG_WARN_OBJC_LITERAL_CONVERSION = YES;
				CLANG_WARN_OBJC_ROOT_CLASS = YES_ERROR;
				CLANG_WARN_QUOTED_INCLUDE_IN_FRAMEWORK_HEADER = YES;
				CLANG_WARN_RANGE_LOOP_ANALYSIS = YES;
				CLANG_WARN_STRICT_PROTOTYPES = YES;
				CLANG_WARN_SUSPICIOUS_MOVE = YES;
				CLANG_WARN_UNGUARDED_AVAILABILITY = YES_AGGRESSIVE;
				CLANG_WARN_UNREACHABLE_CODE = YES;
				CLANG_WARN__DUPLICATE_METHOD_MATCH = YES;
				COPY_PHASE_STRIP = NO;
				DEBUG_INFORMATION_FORMAT = dwarf;
				ENABLE_STRICT_OBJC_MSGSEND = YES;
				ENABLE_TESTABILITY = YES;
				ENABLE_USER_SCRIPT_SANDBOXING = YES;
				GCC_C_LANGUAGE_STANDARD = gnu17;
				GCC_DYNAMIC_NO_PIC = NO;
				GCC_NO_COMMON_BLOCKS = YES;
				GCC_OPTIMIZATION_LEVEL = 0;
				GCC_PREPROCESSOR_DEFINITIONS = (
					"DEBUG=1",
					"$(inherited)",
				);
				GCC_WARN_64_TO_32_BIT_CONVERSION = YES;
				GCC_WARN_ABOUT_RETURN_TYPE = YES_ERROR;
				GCC_WARN_UNDECLARED_SELECTOR = YES;
				GCC_WARN_UNINITIALIZED_AUTOS = YES_AGGRESSIVE;
				GCC_WARN_UNUSED_FUNCTION = YES;
				GCC_WARN_UNUSED_VARIABLE = YES;
				IPHONEOS_DEPLOYMENT_TARGET = 18.1;
				LOCALIZATION_PREFERS_STRING_CATALOGS = YES;
				MTL_ENABLE_DEBUG_INFO = INCLUDE_SOURCE;
				MTL_FAST_MATH = YES;
				ONLY_ACTIVE_ARCH = YES;
				SDKROOT = iphoneos;
				SWIFT_ACTIVE_COMPILATION_CONDITIONS = "DEBUG $(inherited)";
				SWIFT_OPTIMIZATION_LEVEL = "-Onone";
			};
			name = Debug;
		};
		BC064B322CD2D71E0082B7D9 /* Release */ = {
			isa = XCBuildConfiguration;
			buildSettings = {
				ALWAYS_SEARCH_USER_PATHS = NO;
				ASSETCATALOG_COMPILER_GENERATE_SWIFT_ASSET_SYMBOL_EXTENSIONS = YES;
				CLANG_ANALYZER_NONNULL = YES;
				CLANG_ANALYZER_NUMBER_OBJECT_CONVERSION = YES_AGGRESSIVE;
				CLANG_CXX_LANGUAGE_STANDARD = "gnu++20";
				CLANG_ENABLE_MODULES = YES;
				CLANG_ENABLE_OBJC_ARC = YES;
				CLANG_ENABLE_OBJC_WEAK = YES;
				CLANG_WARN_BLOCK_CAPTURE_AUTORELEASING = YES;
				CLANG_WARN_BOOL_CONVERSION = YES;
				CLANG_WARN_COMMA = YES;
				CLANG_WARN_CONSTANT_CONVERSION = YES;
				CLANG_WARN_DEPRECATED_OBJC_IMPLEMENTATIONS = YES;
				CLANG_WARN_DIRECT_OBJC_ISA_USAGE = YES_ERROR;
				CLANG_WARN_DOCUMENTATION_COMMENTS = YES;
				CLANG_WARN_EMPTY_BODY = YES;
				CLANG_WARN_ENUM_CONVERSION = YES;
				CLANG_WARN_INFINITE_RECURSION = YES;
				CLANG_WARN_INT_CONVERSION = YES;
				CLANG_WARN_NON_LITERAL_NULL_CONVERSION = YES;
				CLANG_WARN_OBJC_IMPLICIT_RETAIN_SELF = YES;
				CLANG_WARN_OBJC_LITERAL_CONVERSION = YES;
				CLANG_WARN_OBJC_ROOT_CLASS = YES_ERROR;
				CLANG_WARN_QUOTED_INCLUDE_IN_FRAMEWORK_HEADER = YES;
				CLANG_WARN_RANGE_LOOP_ANALYSIS = YES;
				CLANG_WARN_STRICT_PROTOTYPES = YES;
				CLANG_WARN_SUSPICIOUS_MOVE = YES;
				CLANG_WARN_UNGUARDED_AVAILABILITY = YES_AGGRESSIVE;
				CLANG_WARN_UNREACHABLE_CODE = YES;
				CLANG_WARN__DUPLICATE_METHOD_MATCH = YES;
				COPY_PHASE_STRIP = NO;
				DEBUG_INFORMATION_FORMAT = "dwarf-with-dsym";
				ENABLE_NS_ASSERTIONS = NO;
				ENABLE_STRICT_OBJC_MSGSEND = YES;
				ENABLE_USER_SCRIPT_SANDBOXING = YES;
				GCC_C_LANGUAGE_STANDARD = gnu17;
				GCC_NO_COMMON_BLOCKS = YES;
				GCC_WARN_64_TO_32_BIT_CONVERSION = YES;
				GCC_WARN_ABOUT_RETURN_TYPE = YES_ERROR;
				GCC_WARN_UNDECLARED_SELECTOR = YES;
				GCC_WARN_UNINITIALIZED_AUTOS = YES_AGGRESSIVE;
				GCC_WARN_UNUSED_FUNCTION = YES;
				GCC_WARN_UNUSED_VARIABLE = YES;
				IPHONEOS_DEPLOYMENT_TARGET = 18.1;
				LOCALIZATION_PREFERS_STRING_CATALOGS = YES;
				MTL_ENABLE_DEBUG_INFO = NO;
				MTL_FAST_MATH = YES;
				SDKROOT = iphoneos;
				SWIFT_COMPILATION_MODE = wholemodule;
				VALIDATE_PRODUCT = YES;
			};
			name = Release;
		};
		BC064B342CD2D71E0082B7D9 /* Debug */ = {
			isa = XCBuildConfiguration;
			buildSettings = {
				ASSETCATALOG_COMPILER_APPICON_NAME = AppIcon;
				ASSETCATALOG_COMPILER_GLOBAL_ACCENT_COLOR_NAME = AccentColor;
				CODE_SIGN_STYLE = Automatic;
				CURRENT_PROJECT_VERSION = 1;
				DEVELOPMENT_ASSET_PATHS = "\"Groovify/Preview Content\"";
				DEVELOPMENT_TEAM = HB3XP4BKLJ;
				ENABLE_PREVIEWS = YES;
				GENERATE_INFOPLIST_FILE = YES;
				INFOPLIST_FILE = Groovify/Info.plist;
				INFOPLIST_KEY_UIApplicationSceneManifest_Generation = YES;
				INFOPLIST_KEY_UIApplicationSupportsIndirectInputEvents = YES;
				INFOPLIST_KEY_UILaunchScreen_Generation = YES;
				INFOPLIST_KEY_UISupportedInterfaceOrientations_iPad = "UIInterfaceOrientationPortrait UIInterfaceOrientationPortraitUpsideDown UIInterfaceOrientationLandscapeLeft UIInterfaceOrientationLandscapeRight";
				INFOPLIST_KEY_UISupportedInterfaceOrientations_iPhone = "UIInterfaceOrientationPortrait UIInterfaceOrientationLandscapeLeft UIInterfaceOrientationLandscapeRight";
				IPHONEOS_DEPLOYMENT_TARGET = 17.0;
				LD_RUNPATH_SEARCH_PATHS = (
					"$(inherited)",
					"@executable_path/Frameworks",
				);
				MARKETING_VERSION = 1.0;
				PRODUCT_BUNDLE_IDENTIFIER = com.DavidRomero.Groovify;
				PRODUCT_NAME = "$(TARGET_NAME)";
				SWIFT_EMIT_LOC_STRINGS = YES;
				SWIFT_VERSION = 5.0;
				TARGETED_DEVICE_FAMILY = "1,2";
			};
			name = Debug;
		};
		BC064B352CD2D71E0082B7D9 /* Release */ = {
			isa = XCBuildConfiguration;
			buildSettings = {
				ASSETCATALOG_COMPILER_APPICON_NAME = AppIcon;
				ASSETCATALOG_COMPILER_GLOBAL_ACCENT_COLOR_NAME = AccentColor;
				CODE_SIGN_STYLE = Automatic;
				CURRENT_PROJECT_VERSION = 1;
				DEVELOPMENT_ASSET_PATHS = "\"Groovify/Preview Content\"";
				DEVELOPMENT_TEAM = HB3XP4BKLJ;
				ENABLE_PREVIEWS = YES;
				GENERATE_INFOPLIST_FILE = YES;
				INFOPLIST_FILE = Groovify/Info.plist;
				INFOPLIST_KEY_UIApplicationSceneManifest_Generation = YES;
				INFOPLIST_KEY_UIApplicationSupportsIndirectInputEvents = YES;
				INFOPLIST_KEY_UILaunchScreen_Generation = YES;
				INFOPLIST_KEY_UISupportedInterfaceOrientations_iPad = "UIInterfaceOrientationPortrait UIInterfaceOrientationPortraitUpsideDown UIInterfaceOrientationLandscapeLeft UIInterfaceOrientationLandscapeRight";
				INFOPLIST_KEY_UISupportedInterfaceOrientations_iPhone = "UIInterfaceOrientationPortrait UIInterfaceOrientationLandscapeLeft UIInterfaceOrientationLandscapeRight";
				IPHONEOS_DEPLOYMENT_TARGET = 17.0;
				LD_RUNPATH_SEARCH_PATHS = (
					"$(inherited)",
					"@executable_path/Frameworks",
				);
				MARKETING_VERSION = 1.0;
				PRODUCT_BUNDLE_IDENTIFIER = com.DavidRomero.Groovify;
				PRODUCT_NAME = "$(TARGET_NAME)";
				SWIFT_EMIT_LOC_STRINGS = YES;
				SWIFT_VERSION = 5.0;
				TARGETED_DEVICE_FAMILY = "1,2";
			};
			name = Release;
		};
		BC064B372CD2D71E0082B7D9 /* Debug */ = {
			isa = XCBuildConfiguration;
			buildSettings = {
				BUNDLE_LOADER = "$(TEST_HOST)";
				CODE_SIGN_STYLE = Automatic;
				CURRENT_PROJECT_VERSION = 1;
				DEVELOPMENT_TEAM = HB3XP4BKLJ;
				GENERATE_INFOPLIST_FILE = YES;
				IPHONEOS_DEPLOYMENT_TARGET = 18.1;
				MARKETING_VERSION = 1.0;
				PRODUCT_BUNDLE_IDENTIFIER = com.DavidRomero.GroovifyTests;
				PRODUCT_NAME = "$(TARGET_NAME)";
				SWIFT_EMIT_LOC_STRINGS = NO;
				SWIFT_VERSION = 5.0;
				TARGETED_DEVICE_FAMILY = "1,2";
				TEST_HOST = "$(BUILT_PRODUCTS_DIR)/Groovify.app/$(BUNDLE_EXECUTABLE_FOLDER_PATH)/Groovify";
			};
			name = Debug;
		};
		BC064B382CD2D71E0082B7D9 /* Release */ = {
			isa = XCBuildConfiguration;
			buildSettings = {
				BUNDLE_LOADER = "$(TEST_HOST)";
				CODE_SIGN_STYLE = Automatic;
				CURRENT_PROJECT_VERSION = 1;
				DEVELOPMENT_TEAM = HB3XP4BKLJ;
				GENERATE_INFOPLIST_FILE = YES;
				IPHONEOS_DEPLOYMENT_TARGET = 18.1;
				MARKETING_VERSION = 1.0;
				PRODUCT_BUNDLE_IDENTIFIER = com.DavidRomero.GroovifyTests;
				PRODUCT_NAME = "$(TARGET_NAME)";
				SWIFT_EMIT_LOC_STRINGS = NO;
				SWIFT_VERSION = 5.0;
				TARGETED_DEVICE_FAMILY = "1,2";
				TEST_HOST = "$(BUILT_PRODUCTS_DIR)/Groovify.app/$(BUNDLE_EXECUTABLE_FOLDER_PATH)/Groovify";
			};
			name = Release;
		};
		BC064B3A2CD2D71E0082B7D9 /* Debug */ = {
			isa = XCBuildConfiguration;
			buildSettings = {
				CODE_SIGN_STYLE = Automatic;
				CURRENT_PROJECT_VERSION = 1;
				DEVELOPMENT_TEAM = HB3XP4BKLJ;
				GENERATE_INFOPLIST_FILE = YES;
				MARKETING_VERSION = 1.0;
				PRODUCT_BUNDLE_IDENTIFIER = com.DavidRomero.GroovifyUITests;
				PRODUCT_NAME = "$(TARGET_NAME)";
				SWIFT_EMIT_LOC_STRINGS = NO;
				SWIFT_VERSION = 5.0;
				TARGETED_DEVICE_FAMILY = "1,2";
				TEST_TARGET_NAME = Groovify;
			};
			name = Debug;
		};
		BC064B3B2CD2D71E0082B7D9 /* Release */ = {
			isa = XCBuildConfiguration;
			buildSettings = {
				CODE_SIGN_STYLE = Automatic;
				CURRENT_PROJECT_VERSION = 1;
				DEVELOPMENT_TEAM = HB3XP4BKLJ;
				GENERATE_INFOPLIST_FILE = YES;
				MARKETING_VERSION = 1.0;
				PRODUCT_BUNDLE_IDENTIFIER = com.DavidRomero.GroovifyUITests;
				PRODUCT_NAME = "$(TARGET_NAME)";
				SWIFT_EMIT_LOC_STRINGS = NO;
				SWIFT_VERSION = 5.0;
				TARGETED_DEVICE_FAMILY = "1,2";
				TEST_TARGET_NAME = Groovify;
			};
			name = Release;
		};
/* End XCBuildConfiguration section */

/* Begin XCConfigurationList section */
		0FA504A12D0906FC008EDB33 /* Build configuration list for PBXNativeTarget "GroovifyWidgetExtension" */ = {
			isa = XCConfigurationList;
			buildConfigurations = (
				0FA5049F2D0906FC008EDB33 /* Debug */,
				0FA504A02D0906FC008EDB33 /* Release */,
			);
			defaultConfigurationIsVisible = 0;
			defaultConfigurationName = Release;
		};
		BC064B052CD2D7190082B7D9 /* Build configuration list for PBXProject "Groovify" */ = {
			isa = XCConfigurationList;
			buildConfigurations = (
				BC064B312CD2D71E0082B7D9 /* Debug */,
				BC064B322CD2D71E0082B7D9 /* Release */,
			);
			defaultConfigurationIsVisible = 0;
			defaultConfigurationName = Release;
		};
		BC064B332CD2D71E0082B7D9 /* Build configuration list for PBXNativeTarget "Groovify" */ = {
			isa = XCConfigurationList;
			buildConfigurations = (
				BC064B342CD2D71E0082B7D9 /* Debug */,
				BC064B352CD2D71E0082B7D9 /* Release */,
			);
			defaultConfigurationIsVisible = 0;
			defaultConfigurationName = Release;
		};
		BC064B362CD2D71E0082B7D9 /* Build configuration list for PBXNativeTarget "GroovifyTests" */ = {
			isa = XCConfigurationList;
			buildConfigurations = (
				BC064B372CD2D71E0082B7D9 /* Debug */,
				BC064B382CD2D71E0082B7D9 /* Release */,
			);
			defaultConfigurationIsVisible = 0;
			defaultConfigurationName = Release;
		};
		BC064B392CD2D71E0082B7D9 /* Build configuration list for PBXNativeTarget "GroovifyUITests" */ = {
			isa = XCConfigurationList;
			buildConfigurations = (
				BC064B3A2CD2D71E0082B7D9 /* Debug */,
				BC064B3B2CD2D71E0082B7D9 /* Release */,
			);
			defaultConfigurationIsVisible = 0;
			defaultConfigurationName = Release;
		};
/* End XCConfigurationList section */

/* Begin XCRemoteSwiftPackageReference section */
		672562BC2CE334F00002C571 /* XCRemoteSwiftPackageReference "firebase-ios-sdk" */ = {
			isa = XCRemoteSwiftPackageReference;
			repositoryURL = "https://github.com/firebase/firebase-ios-sdk";
			requirement = {
				kind = upToNextMajorVersion;
				minimumVersion = 11.4.0;
			};
		};
/* End XCRemoteSwiftPackageReference section */

/* Begin XCSwiftPackageProductDependency section */
		672562BD2CE334F00002C571 /* FirebaseAnalytics */ = {
			isa = XCSwiftPackageProductDependency;
			package = 672562BC2CE334F00002C571 /* XCRemoteSwiftPackageReference "firebase-ios-sdk" */;
			productName = FirebaseAnalytics;
		};
		672562BF2CE334F00002C571 /* FirebaseAnalyticsOnDeviceConversion */ = {
			isa = XCSwiftPackageProductDependency;
			package = 672562BC2CE334F00002C571 /* XCRemoteSwiftPackageReference "firebase-ios-sdk" */;
			productName = FirebaseAnalyticsOnDeviceConversion;
		};
		672562C12CE334F00002C571 /* FirebaseAnalyticsWithoutAdIdSupport */ = {
			isa = XCSwiftPackageProductDependency;
			package = 672562BC2CE334F00002C571 /* XCRemoteSwiftPackageReference "firebase-ios-sdk" */;
			productName = FirebaseAnalyticsWithoutAdIdSupport;
		};
		672562C32CE334F00002C571 /* FirebaseAppCheck */ = {
			isa = XCSwiftPackageProductDependency;
			package = 672562BC2CE334F00002C571 /* XCRemoteSwiftPackageReference "firebase-ios-sdk" */;
			productName = FirebaseAppCheck;
		};
		672562C52CE334F00002C571 /* FirebaseAppDistribution-Beta */ = {
			isa = XCSwiftPackageProductDependency;
			package = 672562BC2CE334F00002C571 /* XCRemoteSwiftPackageReference "firebase-ios-sdk" */;
			productName = "FirebaseAppDistribution-Beta";
		};
		672562C72CE334F00002C571 /* FirebaseAuth */ = {
			isa = XCSwiftPackageProductDependency;
			package = 672562BC2CE334F00002C571 /* XCRemoteSwiftPackageReference "firebase-ios-sdk" */;
			productName = FirebaseAuth;
		};
		672562C92CE334F00002C571 /* FirebaseAuthCombine-Community */ = {
			isa = XCSwiftPackageProductDependency;
			package = 672562BC2CE334F00002C571 /* XCRemoteSwiftPackageReference "firebase-ios-sdk" */;
			productName = "FirebaseAuthCombine-Community";
		};
		672562CB2CE334F00002C571 /* FirebaseCore */ = {
			isa = XCSwiftPackageProductDependency;
			package = 672562BC2CE334F00002C571 /* XCRemoteSwiftPackageReference "firebase-ios-sdk" */;
			productName = FirebaseCore;
		};
		672562CD2CE334F00002C571 /* FirebaseCrashlytics */ = {
			isa = XCSwiftPackageProductDependency;
			package = 672562BC2CE334F00002C571 /* XCRemoteSwiftPackageReference "firebase-ios-sdk" */;
			productName = FirebaseCrashlytics;
		};
		672562CF2CE334F00002C571 /* FirebaseDatabase */ = {
			isa = XCSwiftPackageProductDependency;
			package = 672562BC2CE334F00002C571 /* XCRemoteSwiftPackageReference "firebase-ios-sdk" */;
			productName = FirebaseDatabase;
		};
		672562D12CE334F00002C571 /* FirebaseDynamicLinks */ = {
			isa = XCSwiftPackageProductDependency;
			package = 672562BC2CE334F00002C571 /* XCRemoteSwiftPackageReference "firebase-ios-sdk" */;
			productName = FirebaseDynamicLinks;
		};
		672562D32CE334F00002C571 /* FirebaseFirestore */ = {
			isa = XCSwiftPackageProductDependency;
			package = 672562BC2CE334F00002C571 /* XCRemoteSwiftPackageReference "firebase-ios-sdk" */;
			productName = FirebaseFirestore;
		};
		672562D52CE334F00002C571 /* FirebaseFirestoreCombine-Community */ = {
			isa = XCSwiftPackageProductDependency;
			package = 672562BC2CE334F00002C571 /* XCRemoteSwiftPackageReference "firebase-ios-sdk" */;
			productName = "FirebaseFirestoreCombine-Community";
		};
		672562D72CE334F00002C571 /* FirebaseFunctions */ = {
			isa = XCSwiftPackageProductDependency;
			package = 672562BC2CE334F00002C571 /* XCRemoteSwiftPackageReference "firebase-ios-sdk" */;
			productName = FirebaseFunctions;
		};
		672562D92CE334F00002C571 /* FirebaseFunctionsCombine-Community */ = {
			isa = XCSwiftPackageProductDependency;
			package = 672562BC2CE334F00002C571 /* XCRemoteSwiftPackageReference "firebase-ios-sdk" */;
			productName = "FirebaseFunctionsCombine-Community";
		};
		672562DB2CE334F00002C571 /* FirebaseInAppMessaging-Beta */ = {
			isa = XCSwiftPackageProductDependency;
			package = 672562BC2CE334F00002C571 /* XCRemoteSwiftPackageReference "firebase-ios-sdk" */;
			productName = "FirebaseInAppMessaging-Beta";
		};
		672562DD2CE334F00002C571 /* FirebaseInstallations */ = {
			isa = XCSwiftPackageProductDependency;
			package = 672562BC2CE334F00002C571 /* XCRemoteSwiftPackageReference "firebase-ios-sdk" */;
			productName = FirebaseInstallations;
		};
		672562DF2CE334F00002C571 /* FirebaseMLModelDownloader */ = {
			isa = XCSwiftPackageProductDependency;
			package = 672562BC2CE334F00002C571 /* XCRemoteSwiftPackageReference "firebase-ios-sdk" */;
			productName = FirebaseMLModelDownloader;
		};
		672562E12CE334F00002C571 /* FirebaseMessaging */ = {
			isa = XCSwiftPackageProductDependency;
			package = 672562BC2CE334F00002C571 /* XCRemoteSwiftPackageReference "firebase-ios-sdk" */;
			productName = FirebaseMessaging;
		};
		672562E32CE334F00002C571 /* FirebasePerformance */ = {
			isa = XCSwiftPackageProductDependency;
			package = 672562BC2CE334F00002C571 /* XCRemoteSwiftPackageReference "firebase-ios-sdk" */;
			productName = FirebasePerformance;
		};
		672562E52CE334F00002C571 /* FirebaseRemoteConfig */ = {
			isa = XCSwiftPackageProductDependency;
			package = 672562BC2CE334F00002C571 /* XCRemoteSwiftPackageReference "firebase-ios-sdk" */;
			productName = FirebaseRemoteConfig;
		};
		672562E72CE334F00002C571 /* FirebaseStorage */ = {
			isa = XCSwiftPackageProductDependency;
			package = 672562BC2CE334F00002C571 /* XCRemoteSwiftPackageReference "firebase-ios-sdk" */;
			productName = FirebaseStorage;
		};
		672562E92CE334F00002C571 /* FirebaseStorageCombine-Community */ = {
			isa = XCSwiftPackageProductDependency;
			package = 672562BC2CE334F00002C571 /* XCRemoteSwiftPackageReference "firebase-ios-sdk" */;
			productName = "FirebaseStorageCombine-Community";
		};
		672562EB2CE334F00002C571 /* FirebaseVertexAI */ = {
			isa = XCSwiftPackageProductDependency;
			package = 672562BC2CE334F00002C571 /* XCRemoteSwiftPackageReference "firebase-ios-sdk" */;
			productName = FirebaseVertexAI;
		};
/* End XCSwiftPackageProductDependency section */
	};
	rootObject = BC064B022CD2D7190082B7D9 /* Project object */;
}
